
Microsoft Visual Studio Solution File, Format Version 12.00
# Visual Studio Version 16
VisualStudioVersion = 16.0.29102.190
MinimumVisualStudioVersion = 10.0.40219.1
Project("{FAE04EC0-301F-11D3-BF4B-00C04F79EFBC}") = "WrapPanel", "WrapPanel\WrapPanel.csproj", "{DF99C70E-99FB-4AFC-AE8C-101443F952F1}"
EndProject
Global
	GlobalSection(SolutionConfigurationPlatforms) = preSolution
		Debug|Any CPU = Debug|Any CPU
		Release|Any CPU = Release|Any CPU
	EndGlobalSection
	GlobalSection(ProjectConfigurationPlatforms) = postSolution
		{DF99C70E-99FB-4AFC-AE8C-101443F952F1}.Debug|Any CPU.ActiveCfg = Debug|Any CPU
		{DF99C70E-99FB-4AFC-AE8C-101443F952F1}.Debug|Any CPU.Build.0 = Debug|Any CPU
		{DF99C70E-99FB-4AFC-AE8C-101443F952F1}.Release|Any CPU.ActiveCfg = Release|Any CPU
		{DF99C70E-99FB-4AFC-AE8C-101443F952F1}.Release|Any CPU.Build.0 = Release|Any CPU
	EndGlobalSection
	GlobalSection(SolutionProperties) = preSolution
		HideSolutionNode = FALSE
	EndGlobalSection
	GlobalSection(ExtensibilityGlobals) = postSolution
		SolutionGuid = {AD6B5926-2691-4F8D-B76F-F69895DE14D1}
	EndGlobalSection
EndGlobal
